// !$*UTF8*$!
{
	archiveVersion = 1;
	classes = {
	};
	objectVersion = 50;
	objects = {

/* Begin PBXBuildFile section */
		223189FB22E40BE100A921A2 /* AppDelegate.swift in Sources */ = {isa = PBXBuildFile; fileRef = 223189FA22E40BE100A921A2 /* AppDelegate.swift */; };
		223189FD22E40BE100A921A2 /* ViewController.swift in Sources */ = {isa = PBXBuildFile; fileRef = 223189FC22E40BE100A921A2 /* ViewController.swift */; };
		22318A0022E40BE100A921A2 /* Main.storyboard in Resources */ = {isa = PBXBuildFile; fileRef = 223189FE22E40BE100A921A2 /* Main.storyboard */; };
		22318A0222E40BE300A921A2 /* Assets.xcassets in Resources */ = {isa = PBXBuildFile; fileRef = 22318A0122E40BE300A921A2 /* Assets.xcassets */; };
		22318A0522E40BE300A921A2 /* LaunchScreen.storyboard in Resources */ = {isa = PBXBuildFile; fileRef = 22318A0322E40BE300A921A2 /* LaunchScreen.storyboard */; };
		22318A0D22E40C7800A921A2 /* Card.swift in Sources */ = {isa = PBXBuildFile; fileRef = 22318A0C22E40C7800A921A2 /* Card.swift */; };
		22318A0F22E40CA200A921A2 /* Deck.swift in Sources */ = {isa = PBXBuildFile; fileRef = 22318A0E22E40CA200A921A2 /* Deck.swift */; };
		22318A1222E40CFE00A921A2 /* SorryCard.swift in Sources */ = {isa = PBXBuildFile; fileRef = 22318A1122E40CFE00A921A2 /* SorryCard.swift */; };
		22318A1422E40E4B00A921A2 /* SorryCardView.swift in Sources */ = {isa = PBXBuildFile; fileRef = 22318A1322E40E4B00A921A2 /* SorryCardView.swift */; };
		22318A1622E4120A00A921A2 /* SorryDeck.swift in Sources */ = {isa = PBXBuildFile; fileRef = 22318A1522E4120A00A921A2 /* SorryDeck.swift */; };
/* End PBXBuildFile section */

/* Begin PBXFileReference section */
		223189F722E40BE100A921A2 /* CardDealer.app */ = {isa = PBXFileReference; explicitFileType = wrapper.application; includeInIndex = 0; path = CardDealer.app; sourceTree = BUILT_PRODUCTS_DIR; };
		223189FA22E40BE100A921A2 /* AppDelegate.swift */ = {isa = PBXFileReference; lastKnownFileType = sourcecode.swift; path = AppDelegate.swift; sourceTree = "<group>"; };
		223189FC22E40BE100A921A2 /* ViewController.swift */ = {isa = PBXFileReference; lastKnownFileType = sourcecode.swift; path = ViewController.swift; sourceTree = "<group>"; };
		223189FF22E40BE100A921A2 /* Base */ = {isa = PBXFileReference; lastKnownFileType = file.storyboard; name = Base; path = Base.lproj/Main.storyboard; sourceTree = "<group>"; };
		22318A0122E40BE300A921A2 /* Assets.xcassets */ = {isa = PBXFileReference; lastKnownFileType = folder.assetcatalog; path = Assets.xcassets; sourceTree = "<group>"; };
		22318A0422E40BE300A921A2 /* Base */ = {isa = PBXFileReference; lastKnownFileType = file.storyboard; name = Base; path = Base.lproj/LaunchScreen.storyboard; sourceTree = "<group>"; };
		22318A0622E40BE300A921A2 /* Info.plist */ = {isa = PBXFileReference; lastKnownFileType = text.plist.xml; path = Info.plist; sourceTree = "<group>"; };
		22318A0C22E40C7800A921A2 /* Card.swift */ = {isa = PBXFileReference; lastKnownFileType = sourcecode.swift; path = Card.swift; sourceTree = "<group>"; };
		22318A0E22E40CA200A921A2 /* Deck.swift */ = {isa = PBXFileReference; lastKnownFileType = sourcecode.swift; path = Deck.swift; sourceTree = "<group>"; };
		22318A1122E40CFE00A921A2 /* SorryCard.swift */ = {isa = PBXFileReference; lastKnownFileType = sourcecode.swift; path = SorryCard.swift; sourceTree = "<group>"; };
		22318A1322E40E4B00A921A2 /* SorryCardView.swift */ = {isa = PBXFileReference; lastKnownFileType = sourcecode.swift; path = SorryCardView.swift; sourceTree = "<group>"; };
		22318A1522E4120A00A921A2 /* SorryDeck.swift */ = {isa = PBXFileReference; lastKnownFileType = sourcecode.swift; path = SorryDeck.swift; sourceTree = "<group>"; };
/* End PBXFileReference section */

/* Begin PBXFrameworksBuildPhase section */
		223189F422E40BE100A921A2 /* Frameworks */ = {
			isa = PBXFrameworksBuildPhase;
			buildActionMask = 2147483647;
			files = (
			);
			runOnlyForDeploymentPostprocessing = 0;
		};
/* End PBXFrameworksBuildPhase section */

/* Begin PBXGroup section */
		223189EE22E40BE100A921A2 = {
			isa = PBXGroup;
			children = (
				223189F922E40BE100A921A2 /* CardDealer */,
				223189F822E40BE100A921A2 /* Products */,
			);
			sourceTree = "<group>";
		};
		223189F822E40BE100A921A2 /* Products */ = {
			isa = PBXGroup;
			children = (
				223189F722E40BE100A921A2 /* CardDealer.app */,
			);
			name = Products;
			sourceTree = "<group>";
		};
		223189F922E40BE100A921A2 /* CardDealer */ = {
			isa = PBXGroup;
			children = (
				223189FA22E40BE100A921A2 /* AppDelegate.swift */,
				223189FC22E40BE100A921A2 /* ViewController.swift */,
				223189FE22E40BE100A921A2 /* Main.storyboard */,
				22318A0122E40BE300A921A2 /* Assets.xcassets */,
				22318A0322E40BE300A921A2 /* LaunchScreen.storyboard */,
				22318A0622E40BE300A921A2 /* Info.plist */,
				22318A1022E40CE400A921A2 /* Model */,
			);
			path = CardDealer;
			sourceTree = "<group>";
		};
		22318A1022E40CE400A921A2 /* Model */ = {
			isa = PBXGroup;
			children = (
				22318A0C22E40C7800A921A2 /* Card.swift */,
				22318A0E22E40CA200A921A2 /* Deck.swift */,
				22318A1122E40CFE00A921A2 /* SorryCard.swift */,
				22318A1522E4120A00A921A2 /* SorryDeck.swift */,
				22318A1322E40E4B00A921A2 /* SorryCardView.swift */,
			);
			path = Model;
			sourceTree = "<group>";
		};
/* End PBXGroup section */

/* Begin PBXNativeTarget section */
		223189F622E40BE100A921A2 /* CardDealer */ = {
			isa = PBXNativeTarget;
			buildConfigurationList = 22318A0922E40BE300A921A2 /* Build configuration list for PBXNativeTarget "CardDealer" */;
			buildPhases = (
				223189F322E40BE100A921A2 /* Sources */,
				223189F422E40BE100A921A2 /* Frameworks */,
				223189F522E40BE100A921A2 /* Resources */,
			);
			buildRules = (
			);
			dependencies = (
			);
			name = CardDealer;
			productName = CardDealer;
			productReference = 223189F722E40BE100A921A2 /* CardDealer.app */;
			productType = "com.apple.product-type.application";
		};
/* End PBXNativeTarget section */

/* Begin PBXProject section */
		223189EF22E40BE100A921A2 /* Project object */ = {
			isa = PBXProject;
			attributes = {
				LastSwiftUpdateCheck = 1020;
				LastUpgradeCheck = 1020;
				ORGANIZATIONNAME = Widgetilities;
				TargetAttributes = {
					223189F622E40BE100A921A2 = {
						CreatedOnToolsVersion = 10.2.1;
					};
				};
			};
			buildConfigurationList = 223189F222E40BE100A921A2 /* Build configuration list for PBXProject "CardDealer" */;
			compatibilityVersion = "Xcode 9.3";
			developmentRegion = en;
			hasScannedForEncodings = 0;
			knownRegions = (
				en,
				Base,
			);
			mainGroup = 223189EE22E40BE100A921A2;
			productRefGroup = 223189F822E40BE100A921A2 /* Products */;
			projectDirPath = "";
			projectRoot = "";
			targets = (
				223189F622E40BE100A921A2 /* CardDealer */,
			);
		};
/* End PBXProject section */

/* Begin PBXResourcesBuildPhase section */
		223189F522E40BE100A921A2 /* Resources */ = {
			isa = PBXResourcesBuildPhase;
			buildActionMask = 2147483647;
			files = (
				22318A0522E40BE300A921A2 /* LaunchScreen.storyboard in Resources */,
				22318A0222E40BE300A921A2 /* Assets.xcassets in Resources */,
				22318A0022E40BE100A921A2 /* Main.storyboard in Resources */,
			);
			runOnlyForDeploymentPostprocessing = 0;
		};
/* End PBXResourcesBuildPhase section */

/* Begin PBXSourcesBuildPhase section */
		223189F322E40BE100A921A2 /* Sources */ = {
			isa = PBXSourcesBuildPhase;
			buildActionMask = 2147483647;
			files = (
				22318A1622E4120A00A921A2 /* SorryDeck.swift in Sources */,
				22318A1222E40CFE00A921A2 /* SorryCard.swift in Sources */,
				22318A0F22E40CA200A921A2 /* Deck.swift in Sources */,
				22318A1422E40E4B00A921A2 /* SorryCardView.swift in Sources */,
				223189FD22E40BE100A921A2 /* ViewController.swift in Sources */,
				22318A0D22E40C7800A921A2 /* Card.swift in Sources */,
				223189FB22E40BE100A921A2 /* AppDelegate.swift in Sources */,
			);
			runOnlyForDeploymentPostprocessing = 0;
		};
/* End PBXSourcesBuildPhase section */

/* Begin PBXVariantGroup section */
		223189FE22E40BE100A921A2 /* Main.storyboard */ = {
			isa = PBXVariantGroup;
			children = (
				223189FF22E40BE100A921A2 /* Base */,
			);
			name = Main.storyboard;
			sourceTree = "<group>";
		};
		22318A0322E40BE300A921A2 /* LaunchScreen.storyboard */ = {
			isa = PBXVariantGroup;
			children = (
				22318A0422E40BE300A921A2 /* Base */,
			);
			name = LaunchScreen.storyboard;
			sourceTree = "<group>";
		};
/* End PBXVariantGroup section */

/* Begin XCBuildConfiguration section */
		22318A0722E40BE300A921A2 /* Debug */ = {
			isa = XCBuildConfiguration;
			buildSettings = {
				ALWAYS_SEARCH_USER_PATHS = NO;
				CLANG_ANALYZER_NONNULL = YES;
				CLANG_ANALYZER_NUMBER_OBJECT_CONVERSION = YES_AGGRESSIVE;
				CLANG_CXX_LANGUAGE_STANDARD = "gnu++14";
				CLANG_CXX_LIBRARY = "libc++";
				CLANG_ENABLE_MODULES = YES;
				CLANG_ENABLE_OBJC_ARC = YES;
				CLANG_ENABLE_OBJC_WEAK = YES;
				CLANG_WARN_BLOCK_CAPTURE_AUTORELEASING = YES;
				CLANG_WARN_BOOL_CONVERSION = YES;
				CLANG_WARN_COMMA = YES;
				CLANG_WARN_CONSTANT_CONVERSION = YES;
				CLANG_WARN_DEPRECATED_OBJC_IMPLEMENTATIONS = YES;
				CLANG_WARN_DIRECT_OBJC_ISA_USAGE = YES_ERROR;
				CLANG_WARN_DOCUMENTATION_COMMENTS = YES;
				CLANG_WARN_EMPTY_BODY = YES;
				CLANG_WARN_ENUM_CONVERSION = YES;
				CLANG_WARN_INFINITE_RECURSION = YES;
				CLANG_WARN_INT_CONVERSION = YES;
				CLANG_WARN_NON_LITERAL_NULL_CONVERSION = YES;
				CLANG_WARN_OBJC_IMPLICIT_RETAIN_SELF = YES;
				CLANG_WARN_OBJC_LITERAL_CONVERSION = YES;
				CLANG_WARN_OBJC_ROOT_CLASS = YES_ERROR;
				CLANG_WARN_RANGE_LOOP_ANALYSIS = YES;
				CLANG_WARN_STRICT_PROTOTYPES = YES;
				CLANG_WARN_SUSPICIOUS_MOVE = YES;
				CLANG_WARN_UNGUARDED_AVAILABILITY = YES_AGGRESSIVE;
				CLANG_WARN_UNREACHABLE_CODE = YES;
				CLANG_WARN__DUPLICATE_METHOD_MATCH = YES;
				CODE_SIGN_IDENTITY = "iPhone Developer";
				COPY_PHASE_STRIP = NO;
				DEBUG_INFORMATION_FORMAT = dwarf;
				ENABLE_STRICT_OBJC_MSGSEND = YES;
				ENABLE_TESTABILITY = YES;
				GCC_C_LANGUAGE_STANDARD = gnu11;
				GCC_DYNAMIC_NO_PIC = NO;
				GCC_NO_COMMON_BLOCKS = YES;
				GCC_OPTIMIZATION_LEVEL = 0;
				GCC_PREPROCESSOR_DEFINITIONS = (
					"DEBUG=1",
					"$(inherited)",
				);
				GCC_WARN_64_TO_32_BIT_CONVERSION = YES;
				GCC_WARN_ABOUT_RETURN_TYPE = YES_ERROR;
				GCC_WARN_UNDECLARED_SELECTOR = YES;
				GCC_WARN_UNINITIALIZED_AUTOS = YES_AGGRESSIVE;
				GCC_WARN_UNUSED_FUNCTION = YES;
				GCC_WARN_UNUSED_VARIABLE = YES;
				IPHONEOS_DEPLOYMENT_TARGET = 12.2;
				MTL_ENABLE_DEBUG_INFO = INCLUDE_SOURCE;
				MTL_FAST_MATH = YES;
				ONLY_ACTIVE_ARCH = YES;
				SDKROOT = iphoneos;
				SWIFT_ACTIVE_COMPILATION_CONDITIONS = DEBUG;
				SWIFT_OPTIMIZATION_LEVEL = "-Onone";
			};
			name = Debug;
		};
		22318A0822E40BE300A921A2 /* Release */ = {
			isa = XCBuildConfiguration;
			buildSettings = {
				ALWAYS_SEARCH_USER_PATHS = NO;
				CLANG_ANALYZER_NONNULL = YES;
				CLANG_ANALYZER_NUMBER_OBJECT_CONVERSION = YES_AGGRESSIVE;
				CLANG_CXX_LANGUAGE_STANDARD = "gnu++14";
				CLANG_CXX_LIBRARY = "libc++";
				CLANG_ENABLE_MODULES = YES;
				CLANG_ENABLE_OBJC_ARC = YES;
				CLANG_ENABLE_OBJC_WEAK = YES;
				CLANG_WARN_BLOCK_CAPTURE_AUTORELEASING = YES;
				CLANG_WARN_BOOL_CONVERSION = YES;
				CLANG_WARN_COMMA = YES;
				CLANG_WARN_CONSTANT_CONVERSION = YES;
				CLANG_WARN_DEPRECATED_OBJC_IMPLEMENTATIONS = YES;
				CLANG_WARN_DIRECT_OBJC_ISA_USAGE = YES_ERROR;
				CLANG_WARN_DOCUMENTATION_COMMENTS = YES;
				CLANG_WARN_EMPTY_BODY = YES;
				CLANG_WARN_ENUM_CONVERSION = YES;
				CLANG_WARN_INFINITE_RECURSION = YES;
				CLANG_WARN_INT_CONVERSION = YES;
				CLANG_WARN_NON_LITERAL_NULL_CONVERSION = YES;
				CLANG_WARN_OBJC_IMPLICIT_RETAIN_SELF = YES;
				CLANG_WARN_OBJC_LITERAL_CONVERSION = YES;
				CLANG_WARN_OBJC_ROOT_CLASS = YES_ERROR;
				CLANG_WARN_RANGE_LOOP_ANALYSIS = YES;
				CLANG_WARN_STRICT_PROTOTYPES = YES;
				CLANG_WARN_SUSPICIOUS_MOVE = YES;
				CLANG_WARN_UNGUARDED_AVAILABILITY = YES_AGGRESSIVE;
				CLANG_WARN_UNREACHABLE_CODE = YES;
				CLANG_WARN__DUPLICATE_METHOD_MATCH = YES;
				CODE_SIGN_IDENTITY = "iPhone Developer";
				COPY_PHASE_STRIP = NO;
				DEBUG_INFORMATION_FORMAT = "dwarf-with-dsym";
				ENABLE_NS_ASSERTIONS = NO;
				ENABLE_STRICT_OBJC_MSGSEND = YES;
				GCC_C_LANGUAGE_STANDARD = gnu11;
				GCC_NO_COMMON_BLOCKS = YES;
				GCC_WARN_64_TO_32_BIT_CONVERSION = YES;
				GCC_WARN_ABOUT_RETURN_TYPE = YES_ERROR;
				GCC_WARN_UNDECLARED_SELECTOR = YES;
				GCC_WARN_UNINITIALIZED_AUTOS = YES_AGGRESSIVE;
				GCC_WARN_UNUSED_FUNCTION = YES;
				GCC_WARN_UNUSED_VARIABLE = YES;
				IPHONEOS_DEPLOYMENT_TARGET = 12.2;
				MTL_ENABLE_DEBUG_INFO = NO;
				MTL_FAST_MATH = YES;
				SDKROOT = iphoneos;
				SWIFT_COMPILATION_MODE = wholemodule;
				SWIFT_OPTIMIZATION_LEVEL = "-O";
				VALIDATE_PRODUCT = YES;
			};
			name = Release;
		};
		22318A0A22E40BE300A921A2 /* Debug */ = {
			isa = XCBuildConfiguration;
			buildSettings = {
				ASSETCATALOG_COMPILER_APPICON_NAME = AppIcon;
				CODE_SIGN_STYLE = Automatic;
				DEVELOPMENT_TEAM = 4C592246MX;
				INFOPLIST_FILE = CardDealer/Info.plist;
				LD_RUNPATH_SEARCH_PATHS = (
					"$(inherited)",
					"@executable_path/Frameworks",
				);
				PRODUCT_BUNDLE_IDENTIFIER = Widgetilities.CardDealer;
				PRODUCT_NAME = "$(TARGET_NAME)";
				SWIFT_VERSION = 5.0;
				TARGETED_DEVICE_FAMILY = "1,2";
			};
			name = Debug;
		};
		22318A0B22E40BE300A921A2 /* Release */ = {
			isa = XCBuildConfiguration;
			buildSettings = {
				ASSETCATALOG_COMPILER_APPICON_NAME = AppIcon;
				CODE_SIGN_STYLE = Automatic;
				DEVELOPMENT_TEAM = 4C592246MX;
				INFOPLIST_FILE = CardDealer/Info.plist;
				LD_RUNPATH_SEARCH_PATHS = (
					"$(inherited)",
					"@executable_path/Frameworks",
				);
				PRODUCT_BUNDLE_IDENTIFIER = Widgetilities.CardDealer;
				PRODUCT_NAME = "$(TARGET_NAME)";
				SWIFT_VERSION = 5.0;
				TARGETED_DEVICE_FAMILY = "1,2";
			};
			name = Release;
		};
/* End XCBuildConfiguration section */

/* Begin XCConfigurationList section */
		223189F222E40BE100A921A2 /* Build configuration list for PBXProject "CardDealer" */ = {
			isa = XCConfigurationList;
			buildConfigurations = (
				22318A0722E40BE300A921A2 /* Debug */,
				22318A0822E40BE300A921A2 /* Release */,
			);
			defaultConfigurationIsVisible = 0;
			defaultConfigurationName = Release;
		};
		22318A0922E40BE300A921A2 /* Build configuration list for PBXNativeTarget "CardDealer" */ = {
			isa = XCConfigurationList;
			buildConfigurations = (
				22318A0A22E40BE300A921A2 /* Debug */,
				22318A0B22E40BE300A921A2 /* Release */,
			);
			defaultConfigurationIsVisible = 0;
			defaultConfigurationName = Release;
		};
/* End XCConfigurationList section */
	};
	rootObject = 223189EF22E40BE100A921A2 /* Project object */;
}
